// !$*UTF8*$!
{
	archiveVersion = 1;
	classes = {
	};
	objectVersion = 46;
	objects = {

/* Begin PBXBuildFile section */
		56B7E4E51EB8E8C0003537C0 /* AppDelegate.swift in Sources */ = {isa = PBXBuildFile; fileRef = 56B7E4E41EB8E8C0003537C0 /* AppDelegate.swift */; };
		56B7E4E71EB8E8C0003537C0 /* ViewController.swift in Sources */ = {isa = PBXBuildFile; fileRef = 56B7E4E61EB8E8C0003537C0 /* ViewController.swift */; };
		56B7E4EA1EB8E8C0003537C0 /* Main.storyboard in Resources */ = {isa = PBXBuildFile; fileRef = 56B7E4E81EB8E8C0003537C0 /* Main.storyboard */; };
		56B7E4EC1EB8E8C0003537C0 /* Assets.xcassets in Resources */ = {isa = PBXBuildFile; fileRef = 56B7E4EB1EB8E8C0003537C0 /* Assets.xcassets */; };
		56B7E4EF1EB8E8C0003537C0 /* LaunchScreen.storyboard in Resources */ = {isa = PBXBuildFile; fileRef = 56B7E4ED1EB8E8C0003537C0 /* LaunchScreen.storyboard */; };
		56B7E4F71EB8EB22003537C0 /* unoViewController.swift in Sources */ = {isa = PBXBuildFile; fileRef = 56B7E4F61EB8EB22003537C0 /* unoViewController.swift */; settings = {ASSET_TAGS = (); }; };
		56B7E4F91EB8EB30003537C0 /* dosViewController.swift in Sources */ = {isa = PBXBuildFile; fileRef = 56B7E4F81EB8EB30003537C0 /* dosViewController.swift */; settings = {ASSET_TAGS = (); }; };
		56B7E4FB1EB8EB3D003537C0 /* tresViewController.swift in Sources */ = {isa = PBXBuildFile; fileRef = 56B7E4FA1EB8EB3D003537C0 /* tresViewController.swift */; settings = {ASSET_TAGS = (); }; };
		56B7E4FD1EB8EBB5003537C0 /* TabBarController.swift in Sources */ = {isa = PBXBuildFile; fileRef = 56B7E4FC1EB8EBB5003537C0 /* TabBarController.swift */; settings = {ASSET_TAGS = (); }; };
/* End PBXBuildFile section */

/* Begin PBXFileReference section */
		56B7E4E11EB8E8C0003537C0 /* EVA3_2_TABS_DATOS.app */ = {isa = PBXFileReference; explicitFileType = wrapper.application; includeInIndex = 0; path = EVA3_2_TABS_DATOS.app; sourceTree = BUILT_PRODUCTS_DIR; };
		56B7E4E41EB8E8C0003537C0 /* AppDelegate.swift */ = {isa = PBXFileReference; lastKnownFileType = sourcecode.swift; path = AppDelegate.swift; sourceTree = "<group>"; };
		56B7E4E61EB8E8C0003537C0 /* ViewController.swift */ = {isa = PBXFileReference; lastKnownFileType = sourcecode.swift; path = ViewController.swift; sourceTree = "<group>"; };
		56B7E4E91EB8E8C0003537C0 /* Base */ = {isa = PBXFileReference; lastKnownFileType = file.storyboard; name = Base; path = Base.lproj/Main.storyboard; sourceTree = "<group>"; };
		56B7E4EB1EB8E8C0003537C0 /* Assets.xcassets */ = {isa = PBXFileReference; lastKnownFileType = folder.assetcatalog; path = Assets.xcassets; sourceTree = "<group>"; };
		56B7E4EE1EB8E8C0003537C0 /* Base */ = {isa = PBXFileReference; lastKnownFileType = file.storyboard; name = Base; path = Base.lproj/LaunchScreen.storyboard; sourceTree = "<group>"; };
		56B7E4F01EB8E8C0003537C0 /* Info.plist */ = {isa = PBXFileReference; lastKnownFileType = text.plist.xml; path = Info.plist; sourceTree = "<group>"; };
		56B7E4F61EB8EB22003537C0 /* unoViewController.swift */ = {isa = PBXFileReference; fileEncoding = 4; lastKnownFileType = sourcecode.swift; path = unoViewController.swift; sourceTree = "<group>"; };
		56B7E4F81EB8EB30003537C0 /* dosViewController.swift */ = {isa = PBXFileReference; fileEncoding = 4; lastKnownFileType = sourcecode.swift; path = dosViewController.swift; sourceTree = "<group>"; };
		56B7E4FA1EB8EB3D003537C0 /* tresViewController.swift */ = {isa = PBXFileReference; fileEncoding = 4; lastKnownFileType = sourcecode.swift; path = tresViewController.swift; sourceTree = "<group>"; };
		56B7E4FC1EB8EBB5003537C0 /* TabBarController.swift */ = {isa = PBXFileReference; fileEncoding = 4; lastKnownFileType = sourcecode.swift; path = TabBarController.swift; sourceTree = "<group>"; };
/* End PBXFileReference section */

/* Begin PBXFrameworksBuildPhase section */
		56B7E4DE1EB8E8C0003537C0 /* Frameworks */ = {
			isa = PBXFrameworksBuildPhase;
			buildActionMask = 2147483647;
			files = (
			);
			runOnlyForDeploymentPostprocessing = 0;
		};
/* End PBXFrameworksBuildPhase section */

/* Begin PBXGroup section */
		56B7E4D81EB8E8C0003537C0 = {
			isa = PBXGroup;
			children = (
				56B7E4E31EB8E8C0003537C0 /* EVA3_2_TABS_DATOS */,
				56B7E4E21EB8E8C0003537C0 /* Products */,
			);
			sourceTree = "<group>";
		};
		56B7E4E21EB8E8C0003537C0 /* Products */ = {
			isa = PBXGroup;
			children = (
				56B7E4E11EB8E8C0003537C0 /* EVA3_2_TABS_DATOS.app */,
			);
			name = Products;
			sourceTree = "<group>";
		};
		56B7E4E31EB8E8C0003537C0 /* EVA3_2_TABS_DATOS */ = {
			isa = PBXGroup;
			children = (
				56B7E4E41EB8E8C0003537C0 /* AppDelegate.swift */,
				56B7E4E61EB8E8C0003537C0 /* ViewController.swift */,
				56B7E4E81EB8E8C0003537C0 /* Main.storyboard */,
				56B7E4EB1EB8E8C0003537C0 /* Assets.xcassets */,
				56B7E4ED1EB8E8C0003537C0 /* LaunchScreen.storyboard */,
				56B7E4F01EB8E8C0003537C0 /* Info.plist */,
				56B7E4F61EB8EB22003537C0 /* unoViewController.swift */,
				56B7E4F81EB8EB30003537C0 /* dosViewController.swift */,
				56B7E4FA1EB8EB3D003537C0 /* tresViewController.swift */,
				56B7E4FC1EB8EBB5003537C0 /* TabBarController.swift */,
			);
			path = EVA3_2_TABS_DATOS;
			sourceTree = "<group>";
		};
/* End PBXGroup section */

/* Begin PBXNativeTarget section */
		56B7E4E01EB8E8C0003537C0 /* EVA3_2_TABS_DATOS */ = {
			isa = PBXNativeTarget;
			buildConfigurationList = 56B7E4F31EB8E8C0003537C0 /* Build configuration list for PBXNativeTarget "EVA3_2_TABS_DATOS" */;
			buildPhases = (
				56B7E4DD1EB8E8C0003537C0 /* Sources */,
				56B7E4DE1EB8E8C0003537C0 /* Frameworks */,
				56B7E4DF1EB8E8C0003537C0 /* Resources */,
			);
			buildRules = (
			);
			dependencies = (
			);
			name = EVA3_2_TABS_DATOS;
			productName = EVA3_2_TABS_DATOS;
			productReference = 56B7E4E11EB8E8C0003537C0 /* EVA3_2_TABS_DATOS.app */;
			productType = "com.apple.product-type.application";
		};
/* End PBXNativeTarget section */

/* Begin PBXProject section */
		56B7E4D91EB8E8C0003537C0 /* Project object */ = {
			isa = PBXProject;
			attributes = {
				LastUpgradeCheck = 0700;
				ORGANIZATIONNAME = ROLANDO;
				TargetAttributes = {
					56B7E4E01EB8E8C0003537C0 = {
						CreatedOnToolsVersion = 7.0;
					};
				};
			};
			buildConfigurationList = 56B7E4DC1EB8E8C0003537C0 /* Build configuration list for PBXProject "EVA3_2_TABS_DATOS" */;
			compatibilityVersion = "Xcode 3.2";
			developmentRegion = English;
			hasScannedForEncodings = 0;
			knownRegions = (
				en,
				Base,
			);
			mainGroup = 56B7E4D81EB8E8C0003537C0;
			productRefGroup = 56B7E4E21EB8E8C0003537C0 /* Products */;
			projectDirPath = "";
			projectRoot = "";
			targets = (
				56B7E4E01EB8E8C0003537C0 /* EVA3_2_TABS_DATOS */,
			);
		};
/* End PBXProject section */

/* Begin PBXResourcesBuildPhase section */
		56B7E4DF1EB8E8C0003537C0 /* Resources */ = {
			isa = PBXResourcesBuildPhase;
			buildActionMask = 2147483647;
			files = (
				56B7E4EF1EB8E8C0003537C0 /* LaunchScreen.storyboard in Resources */,
				56B7E4EC1EB8E8C0003537C0 /* Assets.xcassets in Resources */,
				56B7E4EA1EB8E8C0003537C0 /* Main.storyboard in Resources */,
			);
			runOnlyForDeploymentPostprocessing = 0;
		};
/* End PBXResourcesBuildPhase section */

/* Begin PBXSourcesBuildPhase section */
		56B7E4DD1EB8E8C0003537C0 /* Sources */ = {
			isa = PBXSourcesBuildPhase;
			buildActionMask = 2147483647;
			files = (
				56B7E4FB1EB8EB3D003537C0 /* tresViewController.swift in Sources */,
				56B7E4F71EB8EB22003537C0 /* unoViewController.swift in Sources */,
				56B7E4E71EB8E8C0003537C0 /* ViewController.swift in Sources */,
				56B7E4FD1EB8EBB5003537C0 /* TabBarController.swift in Sources */,
				56B7E4E51EB8E8C0003537C0 /* AppDelegate.swift in Sources */,
				56B7E4F91EB8EB30003537C0 /* dosViewController.swift in Sources */,
			);
			runOnlyForDeploymentPostprocessing = 0;
		};
/* End PBXSourcesBuildPhase section */

/* Begin PBXVariantGroup section */
		56B7E4E81EB8E8C0003537C0 /* Main.storyboard */ = {
			isa = PBXVariantGroup;
			children = (
				56B7E4E91EB8E8C0003537C0 /* Base */,
			);
			name = Main.storyboard;
			sourceTree = "<group>";
		};
		56B7E4ED1EB8E8C0003537C0 /* LaunchScreen.storyboard */ = {
			isa = PBXVariantGroup;
			children = (
				56B7E4EE1EB8E8C0003537C0 /* Base */,
			);
			name = LaunchScreen.storyboard;
			sourceTree = "<group>";
		};
/* End PBXVariantGroup section */

/* Begin XCBuildConfiguration section */
		56B7E4F11EB8E8C0003537C0 /* Debug */ = {
			isa = XCBuildConfiguration;
			buildSettings = {
				ALWAYS_SEARCH_USER_PATHS = NO;
				CLANG_CXX_LANGUAGE_STANDARD = "gnu++0x";
				CLANG_CXX_LIBRARY = "libc++";
				CLANG_ENABLE_MODULES = YES;
				CLANG_ENABLE_OBJC_ARC = YES;
				CLANG_WARN_BOOL_CONVERSION = YES;
				CLANG_WARN_CONSTANT_CONVERSION = YES;
				CLANG_WARN_DIRECT_OBJC_ISA_USAGE = YES_ERROR;
				CLANG_WARN_EMPTY_BODY = YES;
				CLANG_WARN_ENUM_CONVERSION = YES;
				CLANG_WARN_INT_CONVERSION = YES;
				CLANG_WARN_OBJC_ROOT_CLASS = YES_ERROR;
				CLANG_WARN_UNREACHABLE_CODE = YES;
				CLANG_WARN__DUPLICATE_METHOD_MATCH = YES;
				"CODE_SIGN_IDENTITY[sdk=iphoneos*]" = "iPhone Developer";
				COPY_PHASE_STRIP = NO;
				DEBUG_INFORMATION_FORMAT = dwarf;
				ENABLE_STRICT_OBJC_MSGSEND = YES;
				ENABLE_TESTABILITY = YES;
				GCC_C_LANGUAGE_STANDARD = gnu99;
				GCC_DYNAMIC_NO_PIC = NO;
				GCC_NO_COMMON_BLOCKS = YES;
				GCC_OPTIMIZATION_LEVEL = 0;
				GCC_PREPROCESSOR_DEFINITIONS = (
					"DEBUG=1",
					"$(inherited)",
				);
				GCC_WARN_64_TO_32_BIT_CONVERSION = YES;
				GCC_WARN_ABOUT_RETURN_TYPE = YES_ERROR;
				GCC_WARN_UNDECLARED_SELECTOR = YES;
				GCC_WARN_UNINITIALIZED_AUTOS = YES_AGGRESSIVE;
				GCC_WARN_UNUSED_FUNCTION = YES;
				GCC_WARN_UNUSED_VARIABLE = YES;
				IPHONEOS_DEPLOYMENT_TARGET = 9.0;
				MTL_ENABLE_DEBUG_INFO = YES;
				ONLY_ACTIVE_ARCH = YES;
				SDKROOT = iphoneos;
				SWIFT_OPTIMIZATION_LEVEL = "-Onone";
				TARGETED_DEVICE_FAMILY = "1,2";
			};
			name = Debug;
		};
		56B7E4F21EB8E8C0003537C0 /* Release */ = {
			isa = XCBuildConfiguration;
			buildSettings = {
				ALWAYS_SEARCH_USER_PATHS = NO;
				CLANG_CXX_LANGUAGE_STANDARD = "gnu++0x";
				CLANG_CXX_LIBRARY = "libc++";
				CLANG_ENABLE_MODULES = YES;
				CLANG_ENABLE_OBJC_ARC = YES;
				CLANG_WARN_BOOL_CONVERSION = YES;
				CLANG_WARN_CONSTANT_CONVERSION = YES;
				CLANG_WARN_DIRECT_OBJC_ISA_USAGE = YES_ERROR;
				CLANG_WARN_EMPTY_BODY = YES;
				CLANG_WARN_ENUM_CONVERSION = YES;
				CLANG_WARN_INT_CONVERSION = YES;
				CLANG_WARN_OBJC_ROOT_CLASS = YES_ERROR;
				CLANG_WARN_UNREACHABLE_CODE = YES;
				CLANG_WARN__DUPLICATE_METHOD_MATCH = YES;
				"CODE_SIGN_IDENTITY[sdk=iphoneos*]" = "iPhone Developer";
				COPY_PHASE_STRIP = NO;
				DEBUG_INFORMATION_FORMAT = "dwarf-with-dsym";
				ENABLE_NS_ASSERTIONS = NO;
				ENABLE_STRICT_OBJC_MSGSEND = YES;
				GCC_C_LANGUAGE_STANDARD = gnu99;
				GCC_NO_COMMON_BLOCKS = YES;
				GCC_WARN_64_TO_32_BIT_CONVERSION = YES;
				GCC_WARN_ABOUT_RETURN_TYPE = YES_ERROR;
				GCC_WARN_UNDECLARED_SELECTOR = YES;
				GCC_WARN_UNINITIALIZED_AUTOS = YES_AGGRESSIVE;
				GCC_WARN_UNUSED_FUNCTION = YES;
				GCC_WARN_UNUSED_VARIABLE = YES;
				IPHONEOS_DEPLOYMENT_TARGET = 9.0;
				MTL_ENABLE_DEBUG_INFO = NO;
				SDKROOT = iphoneos;
				TARGETED_DEVICE_FAMILY = "1,2";
				VALIDATE_PRODUCT = YES;
			};
			name = Release;
		};
		56B7E4F41EB8E8C0003537C0 /* Debug */ = {
			isa = XCBuildConfiguration;
			buildSettings = {
				ASSETCATALOG_COMPILER_APPICON_NAME = AppIcon;
				INFOPLIST_FILE = EVA3_2_TABS_DATOS/Info.plist;
				LD_RUNPATH_SEARCH_PATHS = "$(inherited) @executable_path/Frameworks";
				PRODUCT_BUNDLE_IDENTIFIER = "com.rolando.EVA3-2-TABS-DATOS";
				PRODUCT_NAME = "$(TARGET_NAME)";
			};
			name = Debug;
		};
		56B7E4F51EB8E8C0003537C0 /* Release */ = {
			isa = XCBuildConfiguration;
			buildSettings = {
				ASSETCATALOG_COMPILER_APPICON_NAME = AppIcon;
				INFOPLIST_FILE = EVA3_2_TABS_DATOS/Info.plist;
				LD_RUNPATH_SEARCH_PATHS = "$(inherited) @executable_path/Frameworks";
				PRODUCT_BUNDLE_IDENTIFIER = "com.rolando.EVA3-2-TABS-DATOS";
				PRODUCT_NAME = "$(TARGET_NAME)";
			};
			name = Release;
		};
/* End XCBuildConfiguration section */

/* Begin XCConfigurationList section */
		56B7E4DC1EB8E8C0003537C0 /* Build configuration list for PBXProject "EVA3_2_TABS_DATOS" */ = {
			isa = XCConfigurationList;
			buildConfigurations = (
				56B7E4F11EB8E8C0003537C0 /* Debug */,
				56B7E4F21EB8E8C0003537C0 /* Release */,
			);
			defaultConfigurationIsVisible = 0;
			defaultConfigurationName = Release;
		};
		56B7E4F31EB8E8C0003537C0 /* Build configuration list for PBXNativeTarget "EVA3_2_TABS_DATOS" */ = {
			isa = XCConfigurationList;
			buildConfigurations = (
				56B7E4F41EB8E8C0003537C0 /* Debug */,
				56B7E4F51EB8E8C0003537C0 /* Release */,
			);
			defaultConfigurationIsVisible = 0;
		};
/* End XCConfigurationList section */
	};
	rootObject = 56B7E4D91EB8E8C0003537C0 /* Project object */;
}
