// !$*UTF8*$!
{
	archiveVersion = 1;
	classes = {
	};
	objectVersion = 46;
	objects = {

/* Begin PBXBuildFile section */
		562DDEDC1EBB8BE700FDE022 /* AppDelegate.swift in Sources */ = {isa = PBXBuildFile; fileRef = 562DDEDB1EBB8BE700FDE022 /* AppDelegate.swift */; };
		562DDEDE1EBB8BE700FDE022 /* ViewController.swift in Sources */ = {isa = PBXBuildFile; fileRef = 562DDEDD1EBB8BE700FDE022 /* ViewController.swift */; };
		562DDEE11EBB8BE700FDE022 /* Main.storyboard in Resources */ = {isa = PBXBuildFile; fileRef = 562DDEDF1EBB8BE700FDE022 /* Main.storyboard */; };
		562DDEE31EBB8BE700FDE022 /* Assets.xcassets in Resources */ = {isa = PBXBuildFile; fileRef = 562DDEE21EBB8BE700FDE022 /* Assets.xcassets */; };
		562DDEE61EBB8BE700FDE022 /* LaunchScreen.storyboard in Resources */ = {isa = PBXBuildFile; fileRef = 562DDEE41EBB8BE700FDE022 /* LaunchScreen.storyboard */; };
		562DDEEE1EBB8D0500FDE022 /* YellowViewController.swift in Sources */ = {isa = PBXBuildFile; fileRef = 562DDEED1EBB8D0500FDE022 /* YellowViewController.swift */; settings = {ASSET_TAGS = (); }; };
		562DDEF01EBB8D2300FDE022 /* BlueViewController.swift in Sources */ = {isa = PBXBuildFile; fileRef = 562DDEEF1EBB8D2300FDE022 /* BlueViewController.swift */; settings = {ASSET_TAGS = (); }; };
/* End PBXBuildFile section */

/* Begin PBXFileReference section */
		562DDED81EBB8BE700FDE022 /* EVA3_4_MULTI_VIEW_A_PATIN2.app */ = {isa = PBXFileReference; explicitFileType = wrapper.application; includeInIndex = 0; path = EVA3_4_MULTI_VIEW_A_PATIN2.app; sourceTree = BUILT_PRODUCTS_DIR; };
		562DDEDB1EBB8BE700FDE022 /* AppDelegate.swift */ = {isa = PBXFileReference; lastKnownFileType = sourcecode.swift; path = AppDelegate.swift; sourceTree = "<group>"; };
		562DDEDD1EBB8BE700FDE022 /* ViewController.swift */ = {isa = PBXFileReference; lastKnownFileType = sourcecode.swift; path = ViewController.swift; sourceTree = "<group>"; };
		562DDEE01EBB8BE700FDE022 /* Base */ = {isa = PBXFileReference; lastKnownFileType = file.storyboard; name = Base; path = Base.lproj/Main.storyboard; sourceTree = "<group>"; };
		562DDEE21EBB8BE700FDE022 /* Assets.xcassets */ = {isa = PBXFileReference; lastKnownFileType = folder.assetcatalog; path = Assets.xcassets; sourceTree = "<group>"; };
		562DDEE51EBB8BE700FDE022 /* Base */ = {isa = PBXFileReference; lastKnownFileType = file.storyboard; name = Base; path = Base.lproj/LaunchScreen.storyboard; sourceTree = "<group>"; };
		562DDEE71EBB8BE700FDE022 /* Info.plist */ = {isa = PBXFileReference; lastKnownFileType = text.plist.xml; path = Info.plist; sourceTree = "<group>"; };
		562DDEED1EBB8D0500FDE022 /* YellowViewController.swift */ = {isa = PBXFileReference; fileEncoding = 4; lastKnownFileType = sourcecode.swift; path = YellowViewController.swift; sourceTree = "<group>"; };
		562DDEEF1EBB8D2300FDE022 /* BlueViewController.swift */ = {isa = PBXFileReference; fileEncoding = 4; lastKnownFileType = sourcecode.swift; path = BlueViewController.swift; sourceTree = "<group>"; };
/* End PBXFileReference section */

/* Begin PBXFrameworksBuildPhase section */
		562DDED51EBB8BE700FDE022 /* Frameworks */ = {
			isa = PBXFrameworksBuildPhase;
			buildActionMask = 2147483647;
			files = (
			);
			runOnlyForDeploymentPostprocessing = 0;
		};
/* End PBXFrameworksBuildPhase section */

/* Begin PBXGroup section */
		562DDECF1EBB8BE700FDE022 = {
			isa = PBXGroup;
			children = (
				562DDEDA1EBB8BE700FDE022 /* EVA3_4_MULTI_VIEW_A_PATIN2 */,
				562DDED91EBB8BE700FDE022 /* Products */,
			);
			sourceTree = "<group>";
		};
		562DDED91EBB8BE700FDE022 /* Products */ = {
			isa = PBXGroup;
			children = (
				562DDED81EBB8BE700FDE022 /* EVA3_4_MULTI_VIEW_A_PATIN2.app */,
			);
			name = Products;
			sourceTree = "<group>";
		};
		562DDEDA1EBB8BE700FDE022 /* EVA3_4_MULTI_VIEW_A_PATIN2 */ = {
			isa = PBXGroup;
			children = (
				562DDEDB1EBB8BE700FDE022 /* AppDelegate.swift */,
				562DDEDD1EBB8BE700FDE022 /* ViewController.swift */,
				562DDEDF1EBB8BE700FDE022 /* Main.storyboard */,
				562DDEE21EBB8BE700FDE022 /* Assets.xcassets */,
				562DDEE41EBB8BE700FDE022 /* LaunchScreen.storyboard */,
				562DDEE71EBB8BE700FDE022 /* Info.plist */,
				562DDEED1EBB8D0500FDE022 /* YellowViewController.swift */,
				562DDEEF1EBB8D2300FDE022 /* BlueViewController.swift */,
			);
			path = EVA3_4_MULTI_VIEW_A_PATIN2;
			sourceTree = "<group>";
		};
/* End PBXGroup section */

/* Begin PBXNativeTarget section */
		562DDED71EBB8BE700FDE022 /* EVA3_4_MULTI_VIEW_A_PATIN2 */ = {
			isa = PBXNativeTarget;
			buildConfigurationList = 562DDEEA1EBB8BE700FDE022 /* Build configuration list for PBXNativeTarget "EVA3_4_MULTI_VIEW_A_PATIN2" */;
			buildPhases = (
				562DDED41EBB8BE700FDE022 /* Sources */,
				562DDED51EBB8BE700FDE022 /* Frameworks */,
				562DDED61EBB8BE700FDE022 /* Resources */,
			);
			buildRules = (
			);
			dependencies = (
			);
			name = EVA3_4_MULTI_VIEW_A_PATIN2;
			productName = EVA3_4_MULTI_VIEW_A_PATIN2;
			productReference = 562DDED81EBB8BE700FDE022 /* EVA3_4_MULTI_VIEW_A_PATIN2.app */;
			productType = "com.apple.product-type.application";
		};
/* End PBXNativeTarget section */

/* Begin PBXProject section */
		562DDED01EBB8BE700FDE022 /* Project object */ = {
			isa = PBXProject;
			attributes = {
				LastUpgradeCheck = 0700;
				ORGANIZATIONNAME = ROLANDO;
				TargetAttributes = {
					562DDED71EBB8BE700FDE022 = {
						CreatedOnToolsVersion = 7.0;
					};
				};
			};
			buildConfigurationList = 562DDED31EBB8BE700FDE022 /* Build configuration list for PBXProject "EVA3_4_MULTI_VIEW_A_PATIN2" */;
			compatibilityVersion = "Xcode 3.2";
			developmentRegion = English;
			hasScannedForEncodings = 0;
			knownRegions = (
				en,
				Base,
			);
			mainGroup = 562DDECF1EBB8BE700FDE022;
			productRefGroup = 562DDED91EBB8BE700FDE022 /* Products */;
			projectDirPath = "";
			projectRoot = "";
			targets = (
				562DDED71EBB8BE700FDE022 /* EVA3_4_MULTI_VIEW_A_PATIN2 */,
			);
		};
/* End PBXProject section */

/* Begin PBXResourcesBuildPhase section */
		562DDED61EBB8BE700FDE022 /* Resources */ = {
			isa = PBXResourcesBuildPhase;
			buildActionMask = 2147483647;
			files = (
				562DDEE61EBB8BE700FDE022 /* LaunchScreen.storyboard in Resources */,
				562DDEE31EBB8BE700FDE022 /* Assets.xcassets in Resources */,
				562DDEE11EBB8BE700FDE022 /* Main.storyboard in Resources */,
			);
			runOnlyForDeploymentPostprocessing = 0;
		};
/* End PBXResourcesBuildPhase section */

/* Begin PBXSourcesBuildPhase section */
		562DDED41EBB8BE700FDE022 /* Sources */ = {
			isa = PBXSourcesBuildPhase;
			buildActionMask = 2147483647;
			files = (
				562DDEDE1EBB8BE700FDE022 /* ViewController.swift in Sources */,
				562DDEEE1EBB8D0500FDE022 /* YellowViewController.swift in Sources */,
				562DDEF01EBB8D2300FDE022 /* BlueViewController.swift in Sources */,
				562DDEDC1EBB8BE700FDE022 /* AppDelegate.swift in Sources */,
			);
			runOnlyForDeploymentPostprocessing = 0;
		};
/* End PBXSourcesBuildPhase section */

/* Begin PBXVariantGroup section */
		562DDEDF1EBB8BE700FDE022 /* Main.storyboard */ = {
			isa = PBXVariantGroup;
			children = (
				562DDEE01EBB8BE700FDE022 /* Base */,
			);
			name = Main.storyboard;
			sourceTree = "<group>";
		};
		562DDEE41EBB8BE700FDE022 /* LaunchScreen.storyboard */ = {
			isa = PBXVariantGroup;
			children = (
				562DDEE51EBB8BE700FDE022 /* Base */,
			);
			name = LaunchScreen.storyboard;
			sourceTree = "<group>";
		};
/* End PBXVariantGroup section */

/* Begin XCBuildConfiguration section */
		562DDEE81EBB8BE700FDE022 /* Debug */ = {
			isa = XCBuildConfiguration;
			buildSettings = {
				ALWAYS_SEARCH_USER_PATHS = NO;
				CLANG_CXX_LANGUAGE_STANDARD = "gnu++0x";
				CLANG_CXX_LIBRARY = "libc++";
				CLANG_ENABLE_MODULES = YES;
				CLANG_ENABLE_OBJC_ARC = YES;
				CLANG_WARN_BOOL_CONVERSION = YES;
				CLANG_WARN_CONSTANT_CONVERSION = YES;
				CLANG_WARN_DIRECT_OBJC_ISA_USAGE = YES_ERROR;
				CLANG_WARN_EMPTY_BODY = YES;
				CLANG_WARN_ENUM_CONVERSION = YES;
				CLANG_WARN_INT_CONVERSION = YES;
				CLANG_WARN_OBJC_ROOT_CLASS = YES_ERROR;
				CLANG_WARN_UNREACHABLE_CODE = YES;
				CLANG_WARN__DUPLICATE_METHOD_MATCH = YES;
				"CODE_SIGN_IDENTITY[sdk=iphoneos*]" = "iPhone Developer";
				COPY_PHASE_STRIP = NO;
				DEBUG_INFORMATION_FORMAT = dwarf;
				ENABLE_STRICT_OBJC_MSGSEND = YES;
				ENABLE_TESTABILITY = YES;
				GCC_C_LANGUAGE_STANDARD = gnu99;
				GCC_DYNAMIC_NO_PIC = NO;
				GCC_NO_COMMON_BLOCKS = YES;
				GCC_OPTIMIZATION_LEVEL = 0;
				GCC_PREPROCESSOR_DEFINITIONS = (
					"DEBUG=1",
					"$(inherited)",
				);
				GCC_WARN_64_TO_32_BIT_CONVERSION = YES;
				GCC_WARN_ABOUT_RETURN_TYPE = YES_ERROR;
				GCC_WARN_UNDECLARED_SELECTOR = YES;
				GCC_WARN_UNINITIALIZED_AUTOS = YES_AGGRESSIVE;
				GCC_WARN_UNUSED_FUNCTION = YES;
				GCC_WARN_UNUSED_VARIABLE = YES;
				IPHONEOS_DEPLOYMENT_TARGET = 9.0;
				MTL_ENABLE_DEBUG_INFO = YES;
				ONLY_ACTIVE_ARCH = YES;
				SDKROOT = iphoneos;
				SWIFT_OPTIMIZATION_LEVEL = "-Onone";
				TARGETED_DEVICE_FAMILY = "1,2";
			};
			name = Debug;
		};
		562DDEE91EBB8BE700FDE022 /* Release */ = {
			isa = XCBuildConfiguration;
			buildSettings = {
				ALWAYS_SEARCH_USER_PATHS = NO;
				CLANG_CXX_LANGUAGE_STANDARD = "gnu++0x";
				CLANG_CXX_LIBRARY = "libc++";
				CLANG_ENABLE_MODULES = YES;
				CLANG_ENABLE_OBJC_ARC = YES;
				CLANG_WARN_BOOL_CONVERSION = YES;
				CLANG_WARN_CONSTANT_CONVERSION = YES;
				CLANG_WARN_DIRECT_OBJC_ISA_USAGE = YES_ERROR;
				CLANG_WARN_EMPTY_BODY = YES;
				CLANG_WARN_ENUM_CONVERSION = YES;
				CLANG_WARN_INT_CONVERSION = YES;
				CLANG_WARN_OBJC_ROOT_CLASS = YES_ERROR;
				CLANG_WARN_UNREACHABLE_CODE = YES;
				CLANG_WARN__DUPLICATE_METHOD_MATCH = YES;
				"CODE_SIGN_IDENTITY[sdk=iphoneos*]" = "iPhone Developer";
				COPY_PHASE_STRIP = NO;
				DEBUG_INFORMATION_FORMAT = "dwarf-with-dsym";
				ENABLE_NS_ASSERTIONS = NO;
				ENABLE_STRICT_OBJC_MSGSEND = YES;
				GCC_C_LANGUAGE_STANDARD = gnu99;
				GCC_NO_COMMON_BLOCKS = YES;
				GCC_WARN_64_TO_32_BIT_CONVERSION = YES;
				GCC_WARN_ABOUT_RETURN_TYPE = YES_ERROR;
				GCC_WARN_UNDECLARED_SELECTOR = YES;
				GCC_WARN_UNINITIALIZED_AUTOS = YES_AGGRESSIVE;
				GCC_WARN_UNUSED_FUNCTION = YES;
				GCC_WARN_UNUSED_VARIABLE = YES;
				IPHONEOS_DEPLOYMENT_TARGET = 9.0;
				MTL_ENABLE_DEBUG_INFO = NO;
				SDKROOT = iphoneos;
				TARGETED_DEVICE_FAMILY = "1,2";
				VALIDATE_PRODUCT = YES;
			};
			name = Release;
		};
		562DDEEB1EBB8BE700FDE022 /* Debug */ = {
			isa = XCBuildConfiguration;
			buildSettings = {
				ASSETCATALOG_COMPILER_APPICON_NAME = AppIcon;
				INFOPLIST_FILE = EVA3_4_MULTI_VIEW_A_PATIN2/Info.plist;
				LD_RUNPATH_SEARCH_PATHS = "$(inherited) @executable_path/Frameworks";
				PRODUCT_BUNDLE_IDENTIFIER = "com.rolando.EVA3-4-MULTI-VIEW-A-PATIN2";
				PRODUCT_NAME = "$(TARGET_NAME)";
			};
			name = Debug;
		};
		562DDEEC1EBB8BE700FDE022 /* Release */ = {
			isa = XCBuildConfiguration;
			buildSettings = {
				ASSETCATALOG_COMPILER_APPICON_NAME = AppIcon;
				INFOPLIST_FILE = EVA3_4_MULTI_VIEW_A_PATIN2/Info.plist;
				LD_RUNPATH_SEARCH_PATHS = "$(inherited) @executable_path/Frameworks";
				PRODUCT_BUNDLE_IDENTIFIER = "com.rolando.EVA3-4-MULTI-VIEW-A-PATIN2";
				PRODUCT_NAME = "$(TARGET_NAME)";
			};
			name = Release;
		};
/* End XCBuildConfiguration section */

/* Begin XCConfigurationList section */
		562DDED31EBB8BE700FDE022 /* Build configuration list for PBXProject "EVA3_4_MULTI_VIEW_A_PATIN2" */ = {
			isa = XCConfigurationList;
			buildConfigurations = (
				562DDEE81EBB8BE700FDE022 /* Debug */,
				562DDEE91EBB8BE700FDE022 /* Release */,
			);
			defaultConfigurationIsVisible = 0;
			defaultConfigurationName = Release;
		};
		562DDEEA1EBB8BE700FDE022 /* Build configuration list for PBXNativeTarget "EVA3_4_MULTI_VIEW_A_PATIN2" */ = {
			isa = XCConfigurationList;
			buildConfigurations = (
				562DDEEB1EBB8BE700FDE022 /* Debug */,
				562DDEEC1EBB8BE700FDE022 /* Release */,
			);
			defaultConfigurationIsVisible = 0;
		};
/* End XCConfigurationList section */
	};
	rootObject = 562DDED01EBB8BE700FDE022 /* Project object */;
}
